
Microsoft Visual Studio Solution File, Format Version 12.00
# Visual Studio Version 16
VisualStudioVersion = 16.0.31005.135
MinimumVisualStudioVersion = 10.0.40219.1
Project("{FAE04EC0-301F-11D3-BF4B-00C04F79EFBC}") = "OpenCSharp", "OpenCSharp.csproj", "{98A2EF16-0133-4D26-B29A-3B1AC960DEFB}"
	ProjectSection(ProjectDependencies) = postProject
		{B18F6B58-9170-415C-A60E-56A7E0DAF4AC} = {B18F6B58-9170-415C-A60E-56A7E0DAF4AC}
	EndProjectSection
EndProject
Project("{FAE04EC0-301F-11D3-BF4B-00C04F79EFBC}") = "Engine", "..\Engine\Engine.csproj", "{B18F6B58-9170-415C-A60E-56A7E0DAF4AC}"
EndProject
Global
	GlobalSection(SolutionConfigurationPlatforms) = preSolution
		Debug|Any CPU = Debug|Any CPU
		Release|Any CPU = Release|Any CPU
	EndGlobalSection
	GlobalSection(ProjectConfigurationPlatforms) = postSolution
		{98A2EF16-0133-4D26-B29A-3B1AC960DEFB}.Debug|Any CPU.ActiveCfg = Debug|Any CPU
		{98A2EF16-0133-4D26-B29A-3B1AC960DEFB}.Debug|Any CPU.Build.0 = Debug|Any CPU
		{98A2EF16-0133-4D26-B29A-3B1AC960DEFB}.Release|Any CPU.ActiveCfg = Release|Any CPU
		{98A2EF16-0133-4D26-B29A-3B1AC960DEFB}.Release|Any CPU.Build.0 = Release|Any CPU
		{B18F6B58-9170-415C-A60E-56A7E0DAF4AC}.Debug|Any CPU.ActiveCfg = Debug|Any CPU
		{B18F6B58-9170-415C-A60E-56A7E0DAF4AC}.Debug|Any CPU.Build.0 = Debug|Any CPU
		{B18F6B58-9170-415C-A60E-56A7E0DAF4AC}.Release|Any CPU.ActiveCfg = Release|Any CPU
		{B18F6B58-9170-415C-A60E-56A7E0DAF4AC}.Release|Any CPU.Build.0 = Release|Any CPU
	EndGlobalSection
	GlobalSection(SolutionProperties) = preSolution
		HideSolutionNode = FALSE
	EndGlobalSection
	GlobalSection(ExtensibilityGlobals) = postSolution
		SolutionGuid = {9056A844-E39A-48E5-980D-E4F9DB6783B4}
	EndGlobalSection
EndGlobal
